// !$*UTF8*$!
{
	archiveVersion = 1;
	classes = {
	};
	objectVersion = 55;
	objects = {

/* Begin PBXBuildFile section */
		8F9F4DCD289E6EDA00ACFF1C /* ProductNetworkManager.swift in Sources */ = {isa = PBXBuildFile; fileRef = 8F9F4DCC289E6EDA00ACFF1C /* ProductNetworkManager.swift */; };
		8F9F4DCF289E978700ACFF1C /* ProductImageView.swift in Sources */ = {isa = PBXBuildFile; fileRef = 8F9F4DCE289E978700ACFF1C /* ProductImageView.swift */; };
		8F9F4DD1289F0A4A00ACFF1C /* Constants.swift in Sources */ = {isa = PBXBuildFile; fileRef = 8F9F4DD0289F0A4A00ACFF1C /* Constants.swift */; };
		8F9F4DD3289F0FF600ACFF1C /* ProductDetailViewController.swift in Sources */ = {isa = PBXBuildFile; fileRef = 8F9F4DD2289F0FF600ACFF1C /* ProductDetailViewController.swift */; };
		8FB2A5C0289DC17B000625BC /* AppDelegate.swift in Sources */ = {isa = PBXBuildFile; fileRef = 8FB2A5BF289DC17B000625BC /* AppDelegate.swift */; };
		8FB2A5C2289DC17B000625BC /* SceneDelegate.swift in Sources */ = {isa = PBXBuildFile; fileRef = 8FB2A5C1289DC17B000625BC /* SceneDelegate.swift */; };
		8FB2A5C4289DC17B000625BC /* ProductListViewController.swift in Sources */ = {isa = PBXBuildFile; fileRef = 8FB2A5C3289DC17B000625BC /* ProductListViewController.swift */; };
		8FB2A5C7289DC17B000625BC /* Main.storyboard in Resources */ = {isa = PBXBuildFile; fileRef = 8FB2A5C5289DC17B000625BC /* Main.storyboard */; };
		8FB2A5C9289DC186000625BC /* Assets.xcassets in Resources */ = {isa = PBXBuildFile; fileRef = 8FB2A5C8289DC186000625BC /* Assets.xcassets */; };
		8FB2A5CC289DC186000625BC /* LaunchScreen.storyboard in Resources */ = {isa = PBXBuildFile; fileRef = 8FB2A5CA289DC186000625BC /* LaunchScreen.storyboard */; };
		8FB2A5D9289DC4F6000625BC /* ProductCardViewCell.swift in Sources */ = {isa = PBXBuildFile; fileRef = 8FB2A5D7289DC4F6000625BC /* ProductCardViewCell.swift */; };
		8FB2A5DA289DC4F6000625BC /* ProductCardViewCell.xib in Resources */ = {isa = PBXBuildFile; fileRef = 8FB2A5D8289DC4F6000625BC /* ProductCardViewCell.xib */; };
		8FB2A5DD289DD546000625BC /* ProductData.swift in Sources */ = {isa = PBXBuildFile; fileRef = 8FB2A5DC289DD546000625BC /* ProductData.swift */; };
/* End PBXBuildFile section */

/* Begin PBXFileReference section */
		8F9F4DCC289E6EDA00ACFF1C /* ProductNetworkManager.swift */ = {isa = PBXFileReference; lastKnownFileType = sourcecode.swift; path = ProductNetworkManager.swift; sourceTree = "<group>"; };
		8F9F4DCE289E978700ACFF1C /* ProductImageView.swift */ = {isa = PBXFileReference; lastKnownFileType = sourcecode.swift; path = ProductImageView.swift; sourceTree = "<group>"; };
		8F9F4DD0289F0A4A00ACFF1C /* Constants.swift */ = {isa = PBXFileReference; lastKnownFileType = sourcecode.swift; path = Constants.swift; sourceTree = "<group>"; };
		8F9F4DD2289F0FF600ACFF1C /* ProductDetailViewController.swift */ = {isa = PBXFileReference; lastKnownFileType = sourcecode.swift; name = ProductDetailViewController.swift; path = Controller/ProductDetailViewController.swift; sourceTree = "<group>"; };
		8FB2A5BC289DC17B000625BC /* prodza.app */ = {isa = PBXFileReference; explicitFileType = wrapper.application; includeInIndex = 0; path = prodza.app; sourceTree = BUILT_PRODUCTS_DIR; };
		8FB2A5BF289DC17B000625BC /* AppDelegate.swift */ = {isa = PBXFileReference; lastKnownFileType = sourcecode.swift; path = AppDelegate.swift; sourceTree = "<group>"; };
		8FB2A5C1289DC17B000625BC /* SceneDelegate.swift */ = {isa = PBXFileReference; lastKnownFileType = sourcecode.swift; path = SceneDelegate.swift; sourceTree = "<group>"; };
		8FB2A5C3289DC17B000625BC /* ProductListViewController.swift */ = {isa = PBXFileReference; lastKnownFileType = sourcecode.swift; path = ProductListViewController.swift; sourceTree = "<group>"; };
		8FB2A5C6289DC17B000625BC /* Base */ = {isa = PBXFileReference; lastKnownFileType = file.storyboard; name = Base; path = Base.lproj/Main.storyboard; sourceTree = "<group>"; };
		8FB2A5C8289DC186000625BC /* Assets.xcassets */ = {isa = PBXFileReference; lastKnownFileType = folder.assetcatalog; path = Assets.xcassets; sourceTree = "<group>"; };
		8FB2A5CB289DC186000625BC /* Base */ = {isa = PBXFileReference; lastKnownFileType = file.storyboard; name = Base; path = Base.lproj/LaunchScreen.storyboard; sourceTree = "<group>"; };
		8FB2A5CD289DC186000625BC /* Info.plist */ = {isa = PBXFileReference; lastKnownFileType = text.plist.xml; path = Info.plist; sourceTree = "<group>"; };
		8FB2A5D7289DC4F6000625BC /* ProductCardViewCell.swift */ = {isa = PBXFileReference; lastKnownFileType = sourcecode.swift; path = ProductCardViewCell.swift; sourceTree = "<group>"; };
		8FB2A5D8289DC4F6000625BC /* ProductCardViewCell.xib */ = {isa = PBXFileReference; lastKnownFileType = file.xib; path = ProductCardViewCell.xib; sourceTree = "<group>"; };
		8FB2A5DC289DD546000625BC /* ProductData.swift */ = {isa = PBXFileReference; lastKnownFileType = sourcecode.swift; path = ProductData.swift; sourceTree = "<group>"; };
/* End PBXFileReference section */

/* Begin PBXFrameworksBuildPhase section */
		8FB2A5B9289DC17B000625BC /* Frameworks */ = {
			isa = PBXFrameworksBuildPhase;
			buildActionMask = 2147483647;
			files = (
			);
			runOnlyForDeploymentPostprocessing = 0;
		};
/* End PBXFrameworksBuildPhase section */

/* Begin PBXGroup section */
		8FB2A5B3289DC17B000625BC = {
			isa = PBXGroup;
			children = (
				8FB2A5BE289DC17B000625BC /* prodza */,
				8FB2A5BD289DC17B000625BC /* Products */,
			);
			sourceTree = "<group>";
		};
		8FB2A5BD289DC17B000625BC /* Products */ = {
			isa = PBXGroup;
			children = (
				8FB2A5BC289DC17B000625BC /* prodza.app */,
			);
			name = Products;
			sourceTree = "<group>";
		};
		8FB2A5BE289DC17B000625BC /* prodza */ = {
			isa = PBXGroup;
			children = (
				8FB2A5D5289DC230000625BC /* Controller */,
				8FB2A5D4289DC22C000625BC /* View */,
				8FB2A5D3289DC1B2000625BC /* Model */,
				8FB2A5BF289DC17B000625BC /* AppDelegate.swift */,
				8FB2A5C1289DC17B000625BC /* SceneDelegate.swift */,
				8FB2A5C8289DC186000625BC /* Assets.xcassets */,
				8FB2A5C5289DC17B000625BC /* Main.storyboard */,
				8F9F4DD2289F0FF600ACFF1C /* ProductDetailViewController.swift */,
				8FB2A5CA289DC186000625BC /* LaunchScreen.storyboard */,
				8FB2A5CD289DC186000625BC /* Info.plist */,
			);
			path = prodza;
			sourceTree = "<group>";
		};
		8FB2A5D3289DC1B2000625BC /* Model */ = {
			isa = PBXGroup;
			children = (
				8FB2A5DB289DD535000625BC /* Product */,
				8F9F4DD0289F0A4A00ACFF1C /* Constants.swift */,
			);
			path = Model;
			sourceTree = "<group>";
		};
		8FB2A5D4289DC22C000625BC /* View */ = {
			isa = PBXGroup;
			children = (
				8FB2A5D6289DC491000625BC /* ItemView */,
			);
			path = View;
			sourceTree = "<group>";
		};
		8FB2A5D5289DC230000625BC /* Controller */ = {
			isa = PBXGroup;
			children = (
				8FB2A5C3289DC17B000625BC /* ProductListViewController.swift */,
			);
			path = Controller;
			sourceTree = "<group>";
		};
		8FB2A5D6289DC491000625BC /* ItemView */ = {
			isa = PBXGroup;
			children = (
				8FB2A5D7289DC4F6000625BC /* ProductCardViewCell.swift */,
				8FB2A5D8289DC4F6000625BC /* ProductCardViewCell.xib */,
				8F9F4DCE289E978700ACFF1C /* ProductImageView.swift */,
			);
			path = ItemView;
			sourceTree = "<group>";
		};
		8FB2A5DB289DD535000625BC /* Product */ = {
			isa = PBXGroup;
			children = (
				8FB2A5DC289DD546000625BC /* ProductData.swift */,
				8F9F4DCC289E6EDA00ACFF1C /* ProductNetworkManager.swift */,
			);
			path = Product;
			sourceTree = "<group>";
		};
/* End PBXGroup section */

/* Begin PBXNativeTarget section */
		8FB2A5BB289DC17B000625BC /* prodza */ = {
			isa = PBXNativeTarget;
			buildConfigurationList = 8FB2A5D0289DC186000625BC /* Build configuration list for PBXNativeTarget "prodza" */;
			buildPhases = (
				8FB2A5B8289DC17B000625BC /* Sources */,
				8FB2A5B9289DC17B000625BC /* Frameworks */,
				8FB2A5BA289DC17B000625BC /* Resources */,
			);
			buildRules = (
			);
			dependencies = (
			);
			name = prodza;
			productName = prodza;
			productReference = 8FB2A5BC289DC17B000625BC /* prodza.app */;
			productType = "com.apple.product-type.application";
		};
/* End PBXNativeTarget section */

/* Begin PBXProject section */
		8FB2A5B4289DC17B000625BC /* Project object */ = {
			isa = PBXProject;
			attributes = {
				BuildIndependentTargetsInParallel = 1;
				LastSwiftUpdateCheck = 1340;
				LastUpgradeCheck = 1340;
				TargetAttributes = {
					8FB2A5BB289DC17B000625BC = {
						CreatedOnToolsVersion = 13.4.1;
					};
				};
			};
			buildConfigurationList = 8FB2A5B7289DC17B000625BC /* Build configuration list for PBXProject "prodza" */;
			compatibilityVersion = "Xcode 13.0";
			developmentRegion = en;
			hasScannedForEncodings = 0;
			knownRegions = (
				en,
				Base,
			);
			mainGroup = 8FB2A5B3289DC17B000625BC;
			productRefGroup = 8FB2A5BD289DC17B000625BC /* Products */;
			projectDirPath = "";
			projectRoot = "";
			targets = (
				8FB2A5BB289DC17B000625BC /* prodza */,
			);
		};
/* End PBXProject section */

/* Begin PBXResourcesBuildPhase section */
		8FB2A5BA289DC17B000625BC /* Resources */ = {
			isa = PBXResourcesBuildPhase;
			buildActionMask = 2147483647;
			files = (
				8FB2A5CC289DC186000625BC /* LaunchScreen.storyboard in Resources */,
				8FB2A5C9289DC186000625BC /* Assets.xcassets in Resources */,
				8FB2A5DA289DC4F6000625BC /* ProductCardViewCell.xib in Resources */,
				8FB2A5C7289DC17B000625BC /* Main.storyboard in Resources */,
			);
			runOnlyForDeploymentPostprocessing = 0;
		};
/* End PBXResourcesBuildPhase section */

/* Begin PBXSourcesBuildPhase section */
		8FB2A5B8289DC17B000625BC /* Sources */ = {
			isa = PBXSourcesBuildPhase;
			buildActionMask = 2147483647;
			files = (
				8FB2A5C4289DC17B000625BC /* ProductListViewController.swift in Sources */,
				8FB2A5C0289DC17B000625BC /* AppDelegate.swift in Sources */,
				8F9F4DD3289F0FF600ACFF1C /* ProductDetailViewController.swift in Sources */,
				8F9F4DCF289E978700ACFF1C /* ProductImageView.swift in Sources */,
				8F9F4DCD289E6EDA00ACFF1C /* ProductNetworkManager.swift in Sources */,
				8FB2A5DD289DD546000625BC /* ProductData.swift in Sources */,
				8FB2A5D9289DC4F6000625BC /* ProductCardViewCell.swift in Sources */,
				8FB2A5C2289DC17B000625BC /* SceneDelegate.swift in Sources */,
				8F9F4DD1289F0A4A00ACFF1C /* Constants.swift in Sources */,
			);
			runOnlyForDeploymentPostprocessing = 0;
		};
/* End PBXSourcesBuildPhase section */

/* Begin PBXVariantGroup section */
		8FB2A5C5289DC17B000625BC /* Main.storyboard */ = {
			isa = PBXVariantGroup;
			children = (
				8FB2A5C6289DC17B000625BC /* Base */,
			);
			name = Main.storyboard;
			sourceTree = "<group>";
		};
		8FB2A5CA289DC186000625BC /* LaunchScreen.storyboard */ = {
			isa = PBXVariantGroup;
			children = (
				8FB2A5CB289DC186000625BC /* Base */,
			);
			name = LaunchScreen.storyboard;
			sourceTree = "<group>";
		};
/* End PBXVariantGroup section */

/* Begin XCBuildConfiguration section */
		8FB2A5CE289DC186000625BC /* Debug */ = {
			isa = XCBuildConfiguration;
			buildSettings = {
				ALWAYS_SEARCH_USER_PATHS = NO;
				CLANG_ANALYZER_NONNULL = YES;
				CLANG_ANALYZER_NUMBER_OBJECT_CONVERSION = YES_AGGRESSIVE;
				CLANG_CXX_LANGUAGE_STANDARD = "gnu++17";
				CLANG_ENABLE_MODULES = YES;
				CLANG_ENABLE_OBJC_ARC = YES;
				CLANG_ENABLE_OBJC_WEAK = YES;
				CLANG_WARN_BLOCK_CAPTURE_AUTORELEASING = YES;
				CLANG_WARN_BOOL_CONVERSION = YES;
				CLANG_WARN_COMMA = YES;
				CLANG_WARN_CONSTANT_CONVERSION = YES;
				CLANG_WARN_DEPRECATED_OBJC_IMPLEMENTATIONS = YES;
				CLANG_WARN_DIRECT_OBJC_ISA_USAGE = YES_ERROR;
				CLANG_WARN_DOCUMENTATION_COMMENTS = YES;
				CLANG_WARN_EMPTY_BODY = YES;
				CLANG_WARN_ENUM_CONVERSION = YES;
				CLANG_WARN_INFINITE_RECURSION = YES;
				CLANG_WARN_INT_CONVERSION = YES;
				CLANG_WARN_NON_LITERAL_NULL_CONVERSION = YES;
				CLANG_WARN_OBJC_IMPLICIT_RETAIN_SELF = YES;
				CLANG_WARN_OBJC_LITERAL_CONVERSION = YES;
				CLANG_WARN_OBJC_ROOT_CLASS = YES_ERROR;
				CLANG_WARN_QUOTED_INCLUDE_IN_FRAMEWORK_HEADER = YES;
				CLANG_WARN_RANGE_LOOP_ANALYSIS = YES;
				CLANG_WARN_STRICT_PROTOTYPES = YES;
				CLANG_WARN_SUSPICIOUS_MOVE = YES;
				CLANG_WARN_UNGUARDED_AVAILABILITY = YES_AGGRESSIVE;
				CLANG_WARN_UNREACHABLE_CODE = YES;
				CLANG_WARN__DUPLICATE_METHOD_MATCH = YES;
				COPY_PHASE_STRIP = NO;
				DEBUG_INFORMATION_FORMAT = dwarf;
				ENABLE_STRICT_OBJC_MSGSEND = YES;
				ENABLE_TESTABILITY = YES;
				GCC_C_LANGUAGE_STANDARD = gnu11;
				GCC_DYNAMIC_NO_PIC = NO;
				GCC_NO_COMMON_BLOCKS = YES;
				GCC_OPTIMIZATION_LEVEL = 0;
				GCC_PREPROCESSOR_DEFINITIONS = (
					"DEBUG=1",
					"$(inherited)",
				);
				GCC_WARN_64_TO_32_BIT_CONVERSION = YES;
				GCC_WARN_ABOUT_RETURN_TYPE = YES_ERROR;
				GCC_WARN_UNDECLARED_SELECTOR = YES;
				GCC_WARN_UNINITIALIZED_AUTOS = YES_AGGRESSIVE;
				GCC_WARN_UNUSED_FUNCTION = YES;
				GCC_WARN_UNUSED_VARIABLE = YES;
				IPHONEOS_DEPLOYMENT_TARGET = 15.5;
				MTL_ENABLE_DEBUG_INFO = INCLUDE_SOURCE;
				MTL_FAST_MATH = YES;
				ONLY_ACTIVE_ARCH = YES;
				SDKROOT = iphoneos;
				SWIFT_ACTIVE_COMPILATION_CONDITIONS = DEBUG;
				SWIFT_OPTIMIZATION_LEVEL = "-Onone";
			};
			name = Debug;
		};
		8FB2A5CF289DC186000625BC /* Release */ = {
			isa = XCBuildConfiguration;
			buildSettings = {
				ALWAYS_SEARCH_USER_PATHS = NO;
				CLANG_ANALYZER_NONNULL = YES;
				CLANG_ANALYZER_NUMBER_OBJECT_CONVERSION = YES_AGGRESSIVE;
				CLANG_CXX_LANGUAGE_STANDARD = "gnu++17";
				CLANG_ENABLE_MODULES = YES;
				CLANG_ENABLE_OBJC_ARC = YES;
				CLANG_ENABLE_OBJC_WEAK = YES;
				CLANG_WARN_BLOCK_CAPTURE_AUTORELEASING = YES;
				CLANG_WARN_BOOL_CONVERSION = YES;
				CLANG_WARN_COMMA = YES;
				CLANG_WARN_CONSTANT_CONVERSION = YES;
				CLANG_WARN_DEPRECATED_OBJC_IMPLEMENTATIONS = YES;
				CLANG_WARN_DIRECT_OBJC_ISA_USAGE = YES_ERROR;
				CLANG_WARN_DOCUMENTATION_COMMENTS = YES;
				CLANG_WARN_EMPTY_BODY = YES;
				CLANG_WARN_ENUM_CONVERSION = YES;
				CLANG_WARN_INFINITE_RECURSION = YES;
				CLANG_WARN_INT_CONVERSION = YES;
				CLANG_WARN_NON_LITERAL_NULL_CONVERSION = YES;
				CLANG_WARN_OBJC_IMPLICIT_RETAIN_SELF = YES;
				CLANG_WARN_OBJC_LITERAL_CONVERSION = YES;
				CLANG_WARN_OBJC_ROOT_CLASS = YES_ERROR;
				CLANG_WARN_QUOTED_INCLUDE_IN_FRAMEWORK_HEADER = YES;
				CLANG_WARN_RANGE_LOOP_ANALYSIS = YES;
				CLANG_WARN_STRICT_PROTOTYPES = YES;
				CLANG_WARN_SUSPICIOUS_MOVE = YES;
				CLANG_WARN_UNGUARDED_AVAILABILITY = YES_AGGRESSIVE;
				CLANG_WARN_UNREACHABLE_CODE = YES;
				CLANG_WARN__DUPLICATE_METHOD_MATCH = YES;
				COPY_PHASE_STRIP = NO;
				DEBUG_INFORMATION_FORMAT = "dwarf-with-dsym";
				ENABLE_NS_ASSERTIONS = NO;
				ENABLE_STRICT_OBJC_MSGSEND = YES;
				GCC_C_LANGUAGE_STANDARD = gnu11;
				GCC_NO_COMMON_BLOCKS = YES;
				GCC_WARN_64_TO_32_BIT_CONVERSION = YES;
				GCC_WARN_ABOUT_RETURN_TYPE = YES_ERROR;
				GCC_WARN_UNDECLARED_SELECTOR = YES;
				GCC_WARN_UNINITIALIZED_AUTOS = YES_AGGRESSIVE;
				GCC_WARN_UNUSED_FUNCTION = YES;
				GCC_WARN_UNUSED_VARIABLE = YES;
				IPHONEOS_DEPLOYMENT_TARGET = 15.5;
				MTL_ENABLE_DEBUG_INFO = NO;
				MTL_FAST_MATH = YES;
				SDKROOT = iphoneos;
				SWIFT_COMPILATION_MODE = wholemodule;
				SWIFT_OPTIMIZATION_LEVEL = "-O";
				VALIDATE_PRODUCT = YES;
			};
			name = Release;
		};
		8FB2A5D1289DC186000625BC /* Debug */ = {
			isa = XCBuildConfiguration;
			buildSettings = {
				ASSETCATALOG_COMPILER_APPICON_NAME = AppIcon;
				ASSETCATALOG_COMPILER_GLOBAL_ACCENT_COLOR_NAME = AccentColor;
				CODE_SIGN_STYLE = Automatic;
				CURRENT_PROJECT_VERSION = 1;
				DEVELOPMENT_TEAM = KRK6S63FNN;
				GENERATE_INFOPLIST_FILE = YES;
				INFOPLIST_FILE = prodza/Info.plist;
				INFOPLIST_KEY_UIApplicationSupportsIndirectInputEvents = YES;
				INFOPLIST_KEY_UILaunchStoryboardName = LaunchScreen;
				INFOPLIST_KEY_UIMainStoryboardFile = Main;
				INFOPLIST_KEY_UISupportedInterfaceOrientations_iPad = "UIInterfaceOrientationPortrait UIInterfaceOrientationPortraitUpsideDown UIInterfaceOrientationLandscapeLeft UIInterfaceOrientationLandscapeRight";
				INFOPLIST_KEY_UISupportedInterfaceOrientations_iPhone = "UIInterfaceOrientationPortrait UIInterfaceOrientationLandscapeLeft UIInterfaceOrientationLandscapeRight";
				LD_RUNPATH_SEARCH_PATHS = (
					"$(inherited)",
					"@executable_path/Frameworks",
				);
				MARKETING_VERSION = 1.0;
				PRODUCT_BUNDLE_IDENTIFIER = com.lkorica.prodza;
				PRODUCT_NAME = "$(TARGET_NAME)";
				SWIFT_EMIT_LOC_STRINGS = YES;
				SWIFT_VERSION = 5.0;
				TARGETED_DEVICE_FAMILY = "1,2";
			};
			name = Debug;
		};
		8FB2A5D2289DC186000625BC /* Release */ = {
			isa = XCBuildConfiguration;
			buildSettings = {
				ASSETCATALOG_COMPILER_APPICON_NAME = AppIcon;
				ASSETCATALOG_COMPILER_GLOBAL_ACCENT_COLOR_NAME = AccentColor;
				CODE_SIGN_STYLE = Automatic;
				CURRENT_PROJECT_VERSION = 1;
				DEVELOPMENT_TEAM = KRK6S63FNN;
				GENERATE_INFOPLIST_FILE = YES;
				INFOPLIST_FILE = prodza/Info.plist;
				INFOPLIST_KEY_UIApplicationSupportsIndirectInputEvents = YES;
				INFOPLIST_KEY_UILaunchStoryboardName = LaunchScreen;
				INFOPLIST_KEY_UIMainStoryboardFile = Main;
				INFOPLIST_KEY_UISupportedInterfaceOrientations_iPad = "UIInterfaceOrientationPortrait UIInterfaceOrientationPortraitUpsideDown UIInterfaceOrientationLandscapeLeft UIInterfaceOrientationLandscapeRight";
				INFOPLIST_KEY_UISupportedInterfaceOrientations_iPhone = "UIInterfaceOrientationPortrait UIInterfaceOrientationLandscapeLeft UIInterfaceOrientationLandscapeRight";
				LD_RUNPATH_SEARCH_PATHS = (
					"$(inherited)",
					"@executable_path/Frameworks",
				);
				MARKETING_VERSION = 1.0;
				PRODUCT_BUNDLE_IDENTIFIER = com.lkorica.prodza;
				PRODUCT_NAME = "$(TARGET_NAME)";
				SWIFT_EMIT_LOC_STRINGS = YES;
				SWIFT_VERSION = 5.0;
				TARGETED_DEVICE_FAMILY = "1,2";
			};
			name = Release;
		};
/* End XCBuildConfiguration section */

/* Begin XCConfigurationList section */
		8FB2A5B7289DC17B000625BC /* Build configuration list for PBXProject "prodza" */ = {
			isa = XCConfigurationList;
			buildConfigurations = (
				8FB2A5CE289DC186000625BC /* Debug */,
				8FB2A5CF289DC186000625BC /* Release */,
			);
			defaultConfigurationIsVisible = 0;
			defaultConfigurationName = Release;
		};
		8FB2A5D0289DC186000625BC /* Build configuration list for PBXNativeTarget "prodza" */ = {
			isa = XCConfigurationList;
			buildConfigurations = (
				8FB2A5D1289DC186000625BC /* Debug */,
				8FB2A5D2289DC186000625BC /* Release */,
			);
			defaultConfigurationIsVisible = 0;
			defaultConfigurationName = Release;
		};
/* End XCConfigurationList section */
	};
	rootObject = 8FB2A5B4289DC17B000625BC /* Project object */;
}
