// !$*UTF8*$!
{
	archiveVersion = 1;
	classes = {
	};
	objectVersion = 55;
	objects = {

/* Begin PBXBuildFile section */
		8F9F4DCD289E6EDA00ACFF1C /* ProductNetworkManager.swift in Sources */ = {isa = PBXBuildFile; fileRef = 8F9F4DCC289E6EDA00ACFF1C /* ProductNetworkManager.swift */; };
		8F9F4DCF289E978700ACFF1C /* ProductImageView.swift in Sources */ = {isa = PBXBuildFile; fileRef = 8F9F4DCE289E978700ACFF1C /* ProductImageView.swift */; };
		8F9F4DD1289F0A4A00ACFF1C /* Constants.swift in Sources */ = {isa = PBXBuildFile; fileRef = 8F9F4DD0289F0A4A00ACFF1C /* Constants.swift */; };
		8F9F4DD3289F0FF600ACFF1C /* ProductDetailViewController.swift in Sources */ = {isa = PBXBuildFile; fileRef = 8F9F4DD2289F0FF600ACFF1C /* ProductDetailViewController.swift */; };
		8FB2A5C0289DC17B000625BC /* AppDelegate.swift in Sources */ = {isa = PBXBuildFile; fileRef = 8FB2A5BF289DC17B000625BC /* AppDelegate.swift */; };
		8FB2A5C2289DC17B000625BC /* SceneDelegate.swift in Sources */ = {isa = PBXBuildFile; fileRef = 8FB2A5C1289DC17B000625BC /* SceneDelegate.swift */; };
		8FB2A5C4289DC17B000625BC /* ProductListViewController.swift in Sources */ = {isa = PBXBuildFile; fileRef = 8FB2A5C3289DC17B000625BC /* ProductListViewController.swift */; };
		8FB2A5C7289DC17B000625BC /* Main.storyboard in Resources */ = {isa = PBXBuildFile; fileRef = 8FB2A5C5289DC17B000625BC /* Main.storyboard */; };
		8FB2A5C9289DC186000625BC /* Assets.xcassets in Resources */ = {isa = PBXBuildFile; fileRef = 8FB2A5C8289DC186000625BC /* Assets.xcassets */; };
		8FB2A5CC289DC186000625BC /* LaunchScreen.storyboard in Resources */ = {isa = PBXBuildFile; fileRef = 8FB2A5CA289DC186000625BC /* LaunchScreen.storyboard */; };
		8FB2A5D9289DC4F6000625BC /* ProductCardViewCell.swift in Sources */ = {isa = PBXBuildFile; fileRef = 8FB2A5D7289DC4F6000625BC /* ProductCardViewCell.swift */; };
		8FB2A5DA289DC4F6000625BC /* ProductCardViewCell.xib in Resources */ = {isa = PBXBuildFile; fileRef = 8FB2A5D8289DC4F6000625BC /* ProductCardViewCell.xib */; };
		8FB2A5DD289DD546000625BC /* ProductData.swift in Sources */ = {isa = PBXBuildFile; fileRef = 8FB2A5DC289DD546000625BC /* ProductData.swift */; };
		8FDE44B5289FC9C60087564E /* MontserratAlternates-ThinItalic.otf in Resources */ = {isa = PBXBuildFile; fileRef = 8FDE4491289FC9C40087564E /* MontserratAlternates-ThinItalic.otf */; };
		8FDE44B6289FC9C60087564E /* Montserrat-ExtraBoldItalic.otf in Resources */ = {isa = PBXBuildFile; fileRef = 8FDE4492289FC9C40087564E /* Montserrat-ExtraBoldItalic.otf */; };
		8FDE44B7289FC9C60087564E /* MontserratAlternates-Bold.otf in Resources */ = {isa = PBXBuildFile; fileRef = 8FDE4493289FC9C40087564E /* MontserratAlternates-Bold.otf */; };
		8FDE44B8289FC9C60087564E /* MontserratAlternates-ExtraBold.otf in Resources */ = {isa = PBXBuildFile; fileRef = 8FDE4494289FC9C40087564E /* MontserratAlternates-ExtraBold.otf */; };
		8FDE44B9289FC9C60087564E /* Montserrat-BlackItalic.otf in Resources */ = {isa = PBXBuildFile; fileRef = 8FDE4495289FC9C40087564E /* Montserrat-BlackItalic.otf */; };
		8FDE44BA289FC9C60087564E /* Montserrat-Italic.otf in Resources */ = {isa = PBXBuildFile; fileRef = 8FDE4496289FC9C40087564E /* Montserrat-Italic.otf */; };
		8FDE44BB289FC9C60087564E /* Montserrat-Bold.otf in Resources */ = {isa = PBXBuildFile; fileRef = 8FDE4497289FC9C40087564E /* Montserrat-Bold.otf */; };
		8FDE44BC289FC9C60087564E /* Montserrat-BoldItalic.otf in Resources */ = {isa = PBXBuildFile; fileRef = 8FDE4498289FC9C40087564E /* Montserrat-BoldItalic.otf */; };
		8FDE44BD289FC9C60087564E /* Montserrat-ExtraBold.otf in Resources */ = {isa = PBXBuildFile; fileRef = 8FDE4499289FC9C40087564E /* Montserrat-ExtraBold.otf */; };
		8FDE44BE289FC9C60087564E /* MontserratAlternates-BlackItalic.otf in Resources */ = {isa = PBXBuildFile; fileRef = 8FDE449A289FC9C40087564E /* MontserratAlternates-BlackItalic.otf */; };
		8FDE44BF289FC9C60087564E /* Montserrat-ThinItalic.otf in Resources */ = {isa = PBXBuildFile; fileRef = 8FDE449B289FC9C40087564E /* Montserrat-ThinItalic.otf */; };
		8FDE44C0289FC9C60087564E /* MontserratAlternates-ExtraLightItalic.otf in Resources */ = {isa = PBXBuildFile; fileRef = 8FDE449C289FC9C40087564E /* MontserratAlternates-ExtraLightItalic.otf */; };
		8FDE44C1289FC9C60087564E /* MontserratAlternates-Thin.otf in Resources */ = {isa = PBXBuildFile; fileRef = 8FDE449D289FC9C40087564E /* MontserratAlternates-Thin.otf */; };
		8FDE44C2289FC9C60087564E /* MontserratAlternates-SemiBoldItalic.otf in Resources */ = {isa = PBXBuildFile; fileRef = 8FDE449E289FC9C40087564E /* MontserratAlternates-SemiBoldItalic.otf */; };
		8FDE44C3289FC9C60087564E /* MontserratAlternates-Medium.otf in Resources */ = {isa = PBXBuildFile; fileRef = 8FDE449F289FC9C50087564E /* MontserratAlternates-Medium.otf */; };
		8FDE44C4289FC9C60087564E /* Montserrat-SemiBoldItalic.otf in Resources */ = {isa = PBXBuildFile; fileRef = 8FDE44A0289FC9C50087564E /* Montserrat-SemiBoldItalic.otf */; };
		8FDE44C5289FC9C60087564E /* MontserratAlternates-BoldItalic.otf in Resources */ = {isa = PBXBuildFile; fileRef = 8FDE44A1289FC9C50087564E /* MontserratAlternates-BoldItalic.otf */; };
		8FDE44C6289FC9C60087564E /* MontserratAlternates-Italic.otf in Resources */ = {isa = PBXBuildFile; fileRef = 8FDE44A2289FC9C50087564E /* MontserratAlternates-Italic.otf */; };
		8FDE44C7289FC9C60087564E /* MontserratAlternates-Light.otf in Resources */ = {isa = PBXBuildFile; fileRef = 8FDE44A3289FC9C50087564E /* MontserratAlternates-Light.otf */; };
		8FDE44C8289FC9C60087564E /* Montserrat-LightItalic.otf in Resources */ = {isa = PBXBuildFile; fileRef = 8FDE44A4289FC9C50087564E /* Montserrat-LightItalic.otf */; };
		8FDE44C9289FC9C60087564E /* Montserrat-ExtraLightItalic.otf in Resources */ = {isa = PBXBuildFile; fileRef = 8FDE44A5289FC9C50087564E /* Montserrat-ExtraLightItalic.otf */; };
		8FDE44CA289FC9C60087564E /* MontserratAlternates-ExtraLight.otf in Resources */ = {isa = PBXBuildFile; fileRef = 8FDE44A6289FC9C50087564E /* MontserratAlternates-ExtraLight.otf */; };
		8FDE44CB289FC9C60087564E /* Montserrat-Black.otf in Resources */ = {isa = PBXBuildFile; fileRef = 8FDE44A7289FC9C50087564E /* Montserrat-Black.otf */; };
		8FDE44CC289FC9C60087564E /* Montserrat-SemiBold.otf in Resources */ = {isa = PBXBuildFile; fileRef = 8FDE44A8289FC9C50087564E /* Montserrat-SemiBold.otf */; };
		8FDE44CD289FC9C60087564E /* MontserratAlternates-Black.otf in Resources */ = {isa = PBXBuildFile; fileRef = 8FDE44A9289FC9C50087564E /* MontserratAlternates-Black.otf */; };
		8FDE44CE289FC9C60087564E /* MontserratAlternates-Regular.otf in Resources */ = {isa = PBXBuildFile; fileRef = 8FDE44AA289FC9C50087564E /* MontserratAlternates-Regular.otf */; };
		8FDE44CF289FC9C60087564E /* MontserratAlternates-LightItalic.otf in Resources */ = {isa = PBXBuildFile; fileRef = 8FDE44AB289FC9C50087564E /* MontserratAlternates-LightItalic.otf */; };
		8FDE44D0289FC9C60087564E /* MontserratAlternates-SemiBold.otf in Resources */ = {isa = PBXBuildFile; fileRef = 8FDE44AC289FC9C60087564E /* MontserratAlternates-SemiBold.otf */; };
		8FDE44D1289FC9C60087564E /* MontserratAlternates-ExtraBoldItalic.otf in Resources */ = {isa = PBXBuildFile; fileRef = 8FDE44AD289FC9C60087564E /* MontserratAlternates-ExtraBoldItalic.otf */; };
		8FDE44D2289FC9C60087564E /* MontserratAlternates-MediumItalic.otf in Resources */ = {isa = PBXBuildFile; fileRef = 8FDE44AE289FC9C60087564E /* MontserratAlternates-MediumItalic.otf */; };
		8FDE44D3289FC9C60087564E /* Montserrat-Light.otf in Resources */ = {isa = PBXBuildFile; fileRef = 8FDE44AF289FC9C60087564E /* Montserrat-Light.otf */; };
		8FDE44D4289FC9C60087564E /* Montserrat-ExtraLight.otf in Resources */ = {isa = PBXBuildFile; fileRef = 8FDE44B0289FC9C60087564E /* Montserrat-ExtraLight.otf */; };
		8FDE44D5289FC9C60087564E /* Montserrat-Medium.otf in Resources */ = {isa = PBXBuildFile; fileRef = 8FDE44B1289FC9C60087564E /* Montserrat-Medium.otf */; };
		8FDE44D6289FC9C60087564E /* Montserrat-Regular.otf in Resources */ = {isa = PBXBuildFile; fileRef = 8FDE44B2289FC9C60087564E /* Montserrat-Regular.otf */; };
		8FDE44D7289FC9C60087564E /* Montserrat-MediumItalic.otf in Resources */ = {isa = PBXBuildFile; fileRef = 8FDE44B3289FC9C60087564E /* Montserrat-MediumItalic.otf */; };
		8FDE44D8289FC9C60087564E /* Montserrat-Thin.otf in Resources */ = {isa = PBXBuildFile; fileRef = 8FDE44B4289FC9C60087564E /* Montserrat-Thin.otf */; };
/* End PBXBuildFile section */

/* Begin PBXFileReference section */
		8F9F4DCC289E6EDA00ACFF1C /* ProductNetworkManager.swift */ = {isa = PBXFileReference; lastKnownFileType = sourcecode.swift; path = ProductNetworkManager.swift; sourceTree = "<group>"; };
		8F9F4DCE289E978700ACFF1C /* ProductImageView.swift */ = {isa = PBXFileReference; lastKnownFileType = sourcecode.swift; path = ProductImageView.swift; sourceTree = "<group>"; };
		8F9F4DD0289F0A4A00ACFF1C /* Constants.swift */ = {isa = PBXFileReference; lastKnownFileType = sourcecode.swift; path = Constants.swift; sourceTree = "<group>"; };
		8F9F4DD2289F0FF600ACFF1C /* ProductDetailViewController.swift */ = {isa = PBXFileReference; lastKnownFileType = sourcecode.swift; path = ProductDetailViewController.swift; sourceTree = "<group>"; };
		8FB2A5BC289DC17B000625BC /* Prodavnica.app */ = {isa = PBXFileReference; explicitFileType = wrapper.application; includeInIndex = 0; path = Prodavnica.app; sourceTree = BUILT_PRODUCTS_DIR; };
		8FB2A5BF289DC17B000625BC /* AppDelegate.swift */ = {isa = PBXFileReference; lastKnownFileType = sourcecode.swift; path = AppDelegate.swift; sourceTree = "<group>"; };
		8FB2A5C1289DC17B000625BC /* SceneDelegate.swift */ = {isa = PBXFileReference; lastKnownFileType = sourcecode.swift; path = SceneDelegate.swift; sourceTree = "<group>"; };
		8FB2A5C3289DC17B000625BC /* ProductListViewController.swift */ = {isa = PBXFileReference; lastKnownFileType = sourcecode.swift; path = ProductListViewController.swift; sourceTree = "<group>"; };
		8FB2A5C6289DC17B000625BC /* Base */ = {isa = PBXFileReference; lastKnownFileType = file.storyboard; name = Base; path = Base.lproj/Main.storyboard; sourceTree = "<group>"; };
		8FB2A5C8289DC186000625BC /* Assets.xcassets */ = {isa = PBXFileReference; lastKnownFileType = folder.assetcatalog; path = Assets.xcassets; sourceTree = "<group>"; };
		8FB2A5CB289DC186000625BC /* Base */ = {isa = PBXFileReference; lastKnownFileType = file.storyboard; name = Base; path = Base.lproj/LaunchScreen.storyboard; sourceTree = "<group>"; };
		8FB2A5CD289DC186000625BC /* Info.plist */ = {isa = PBXFileReference; lastKnownFileType = text.plist.xml; path = Info.plist; sourceTree = "<group>"; };
		8FB2A5D7289DC4F6000625BC /* ProductCardViewCell.swift */ = {isa = PBXFileReference; lastKnownFileType = sourcecode.swift; path = ProductCardViewCell.swift; sourceTree = "<group>"; };
		8FB2A5D8289DC4F6000625BC /* ProductCardViewCell.xib */ = {isa = PBXFileReference; lastKnownFileType = file.xib; path = ProductCardViewCell.xib; sourceTree = "<group>"; };
		8FB2A5DC289DD546000625BC /* ProductData.swift */ = {isa = PBXFileReference; lastKnownFileType = sourcecode.swift; path = ProductData.swift; sourceTree = "<group>"; };
		8FDE4491289FC9C40087564E /* MontserratAlternates-ThinItalic.otf */ = {isa = PBXFileReference; lastKnownFileType = file; path = "MontserratAlternates-ThinItalic.otf"; sourceTree = "<group>"; };
		8FDE4492289FC9C40087564E /* Montserrat-ExtraBoldItalic.otf */ = {isa = PBXFileReference; lastKnownFileType = file; path = "Montserrat-ExtraBoldItalic.otf"; sourceTree = "<group>"; };
		8FDE4493289FC9C40087564E /* MontserratAlternates-Bold.otf */ = {isa = PBXFileReference; lastKnownFileType = file; path = "MontserratAlternates-Bold.otf"; sourceTree = "<group>"; };
		8FDE4494289FC9C40087564E /* MontserratAlternates-ExtraBold.otf */ = {isa = PBXFileReference; lastKnownFileType = file; path = "MontserratAlternates-ExtraBold.otf"; sourceTree = "<group>"; };
		8FDE4495289FC9C40087564E /* Montserrat-BlackItalic.otf */ = {isa = PBXFileReference; lastKnownFileType = file; path = "Montserrat-BlackItalic.otf"; sourceTree = "<group>"; };
		8FDE4496289FC9C40087564E /* Montserrat-Italic.otf */ = {isa = PBXFileReference; lastKnownFileType = file; path = "Montserrat-Italic.otf"; sourceTree = "<group>"; };
		8FDE4497289FC9C40087564E /* Montserrat-Bold.otf */ = {isa = PBXFileReference; lastKnownFileType = file; path = "Montserrat-Bold.otf"; sourceTree = "<group>"; };
		8FDE4498289FC9C40087564E /* Montserrat-BoldItalic.otf */ = {isa = PBXFileReference; lastKnownFileType = file; path = "Montserrat-BoldItalic.otf"; sourceTree = "<group>"; };
		8FDE4499289FC9C40087564E /* Montserrat-ExtraBold.otf */ = {isa = PBXFileReference; lastKnownFileType = file; path = "Montserrat-ExtraBold.otf"; sourceTree = "<group>"; };
		8FDE449A289FC9C40087564E /* MontserratAlternates-BlackItalic.otf */ = {isa = PBXFileReference; lastKnownFileType = file; path = "MontserratAlternates-BlackItalic.otf"; sourceTree = "<group>"; };
		8FDE449B289FC9C40087564E /* Montserrat-ThinItalic.otf */ = {isa = PBXFileReference; lastKnownFileType = file; path = "Montserrat-ThinItalic.otf"; sourceTree = "<group>"; };
		8FDE449C289FC9C40087564E /* MontserratAlternates-ExtraLightItalic.otf */ = {isa = PBXFileReference; lastKnownFileType = file; path = "MontserratAlternates-ExtraLightItalic.otf"; sourceTree = "<group>"; };
		8FDE449D289FC9C40087564E /* MontserratAlternates-Thin.otf */ = {isa = PBXFileReference; lastKnownFileType = file; path = "MontserratAlternates-Thin.otf"; sourceTree = "<group>"; };
		8FDE449E289FC9C40087564E /* MontserratAlternates-SemiBoldItalic.otf */ = {isa = PBXFileReference; lastKnownFileType = file; path = "MontserratAlternates-SemiBoldItalic.otf"; sourceTree = "<group>"; };
		8FDE449F289FC9C50087564E /* MontserratAlternates-Medium.otf */ = {isa = PBXFileReference; lastKnownFileType = file; path = "MontserratAlternates-Medium.otf"; sourceTree = "<group>"; };
		8FDE44A0289FC9C50087564E /* Montserrat-SemiBoldItalic.otf */ = {isa = PBXFileReference; lastKnownFileType = file; path = "Montserrat-SemiBoldItalic.otf"; sourceTree = "<group>"; };
		8FDE44A1289FC9C50087564E /* MontserratAlternates-BoldItalic.otf */ = {isa = PBXFileReference; lastKnownFileType = file; path = "MontserratAlternates-BoldItalic.otf"; sourceTree = "<group>"; };
		8FDE44A2289FC9C50087564E /* MontserratAlternates-Italic.otf */ = {isa = PBXFileReference; lastKnownFileType = file; path = "MontserratAlternates-Italic.otf"; sourceTree = "<group>"; };
		8FDE44A3289FC9C50087564E /* MontserratAlternates-Light.otf */ = {isa = PBXFileReference; lastKnownFileType = file; path = "MontserratAlternates-Light.otf"; sourceTree = "<group>"; };
		8FDE44A4289FC9C50087564E /* Montserrat-LightItalic.otf */ = {isa = PBXFileReference; lastKnownFileType = file; path = "Montserrat-LightItalic.otf"; sourceTree = "<group>"; };
		8FDE44A5289FC9C50087564E /* Montserrat-ExtraLightItalic.otf */ = {isa = PBXFileReference; lastKnownFileType = file; path = "Montserrat-ExtraLightItalic.otf"; sourceTree = "<group>"; };
		8FDE44A6289FC9C50087564E /* MontserratAlternates-ExtraLight.otf */ = {isa = PBXFileReference; lastKnownFileType = file; path = "MontserratAlternates-ExtraLight.otf"; sourceTree = "<group>"; };
		8FDE44A7289FC9C50087564E /* Montserrat-Black.otf */ = {isa = PBXFileReference; lastKnownFileType = file; path = "Montserrat-Black.otf"; sourceTree = "<group>"; };
		8FDE44A8289FC9C50087564E /* Montserrat-SemiBold.otf */ = {isa = PBXFileReference; lastKnownFileType = file; path = "Montserrat-SemiBold.otf"; sourceTree = "<group>"; };
		8FDE44A9289FC9C50087564E /* MontserratAlternates-Black.otf */ = {isa = PBXFileReference; lastKnownFileType = file; path = "MontserratAlternates-Black.otf"; sourceTree = "<group>"; };
		8FDE44AA289FC9C50087564E /* MontserratAlternates-Regular.otf */ = {isa = PBXFileReference; lastKnownFileType = file; path = "MontserratAlternates-Regular.otf"; sourceTree = "<group>"; };
		8FDE44AB289FC9C50087564E /* MontserratAlternates-LightItalic.otf */ = {isa = PBXFileReference; lastKnownFileType = file; path = "MontserratAlternates-LightItalic.otf"; sourceTree = "<group>"; };
		8FDE44AC289FC9C60087564E /* MontserratAlternates-SemiBold.otf */ = {isa = PBXFileReference; lastKnownFileType = file; path = "MontserratAlternates-SemiBold.otf"; sourceTree = "<group>"; };
		8FDE44AD289FC9C60087564E /* MontserratAlternates-ExtraBoldItalic.otf */ = {isa = PBXFileReference; lastKnownFileType = file; path = "MontserratAlternates-ExtraBoldItalic.otf"; sourceTree = "<group>"; };
		8FDE44AE289FC9C60087564E /* MontserratAlternates-MediumItalic.otf */ = {isa = PBXFileReference; lastKnownFileType = file; path = "MontserratAlternates-MediumItalic.otf"; sourceTree = "<group>"; };
		8FDE44AF289FC9C60087564E /* Montserrat-Light.otf */ = {isa = PBXFileReference; lastKnownFileType = file; path = "Montserrat-Light.otf"; sourceTree = "<group>"; };
		8FDE44B0289FC9C60087564E /* Montserrat-ExtraLight.otf */ = {isa = PBXFileReference; lastKnownFileType = file; path = "Montserrat-ExtraLight.otf"; sourceTree = "<group>"; };
		8FDE44B1289FC9C60087564E /* Montserrat-Medium.otf */ = {isa = PBXFileReference; lastKnownFileType = file; path = "Montserrat-Medium.otf"; sourceTree = "<group>"; };
		8FDE44B2289FC9C60087564E /* Montserrat-Regular.otf */ = {isa = PBXFileReference; lastKnownFileType = file; path = "Montserrat-Regular.otf"; sourceTree = "<group>"; };
		8FDE44B3289FC9C60087564E /* Montserrat-MediumItalic.otf */ = {isa = PBXFileReference; lastKnownFileType = file; path = "Montserrat-MediumItalic.otf"; sourceTree = "<group>"; };
		8FDE44B4289FC9C60087564E /* Montserrat-Thin.otf */ = {isa = PBXFileReference; lastKnownFileType = file; path = "Montserrat-Thin.otf"; sourceTree = "<group>"; };
/* End PBXFileReference section */

/* Begin PBXFrameworksBuildPhase section */
		8FB2A5B9289DC17B000625BC /* Frameworks */ = {
			isa = PBXFrameworksBuildPhase;
			buildActionMask = 2147483647;
			files = (
			);
			runOnlyForDeploymentPostprocessing = 0;
		};
/* End PBXFrameworksBuildPhase section */

/* Begin PBXGroup section */
		8FB2A5B3289DC17B000625BC = {
			isa = PBXGroup;
			children = (
				8FB2A5BE289DC17B000625BC /* Prodavnica */,
				8FB2A5BD289DC17B000625BC /* Products */,
			);
			sourceTree = "<group>";
		};
		8FB2A5BD289DC17B000625BC /* Products */ = {
			isa = PBXGroup;
			children = (
				8FB2A5BC289DC17B000625BC /* Prodavnica.app */,
			);
			name = Products;
			sourceTree = "<group>";
		};
		8FB2A5BE289DC17B000625BC /* Prodavnica */ = {
			isa = PBXGroup;
			children = (
				8FB2A5D5289DC230000625BC /* Controller */,
				8FB2A5D4289DC22C000625BC /* View */,
				8FB2A5D3289DC1B2000625BC /* Model */,
				8FB2A5BF289DC17B000625BC /* AppDelegate.swift */,
				8FB2A5C1289DC17B000625BC /* SceneDelegate.swift */,
				8FB2A5C8289DC186000625BC /* Assets.xcassets */,
				8FB2A5C5289DC17B000625BC /* Main.storyboard */,
				8FB2A5CA289DC186000625BC /* LaunchScreen.storyboard */,
				8FB2A5CD289DC186000625BC /* Info.plist */,
				8FDE4490289FC9A10087564E /* Fonts */,
			);
			path = Prodavnica;
			sourceTree = "<group>";
		};
		8FB2A5D3289DC1B2000625BC /* Model */ = {
			isa = PBXGroup;
			children = (
				8FB2A5DB289DD535000625BC /* Product */,
				8F9F4DD0289F0A4A00ACFF1C /* Constants.swift */,
			);
			path = Model;
			sourceTree = "<group>";
		};
		8FB2A5D4289DC22C000625BC /* View */ = {
			isa = PBXGroup;
			children = (
				8FB2A5D6289DC491000625BC /* ItemView */,
			);
			path = View;
			sourceTree = "<group>";
		};
		8FB2A5D5289DC230000625BC /* Controller */ = {
			isa = PBXGroup;
			children = (
				8FB2A5C3289DC17B000625BC /* ProductListViewController.swift */,
				8F9F4DD2289F0FF600ACFF1C /* ProductDetailViewController.swift */,
			);
			path = Controller;
			sourceTree = "<group>";
		};
		8FB2A5D6289DC491000625BC /* ItemView */ = {
			isa = PBXGroup;
			children = (
				8FB2A5D7289DC4F6000625BC /* ProductCardViewCell.swift */,
				8FB2A5D8289DC4F6000625BC /* ProductCardViewCell.xib */,
				8F9F4DCE289E978700ACFF1C /* ProductImageView.swift */,
			);
			path = ItemView;
			sourceTree = "<group>";
		};
		8FB2A5DB289DD535000625BC /* Product */ = {
			isa = PBXGroup;
			children = (
				8FB2A5DC289DD546000625BC /* ProductData.swift */,
				8F9F4DCC289E6EDA00ACFF1C /* ProductNetworkManager.swift */,
			);
			path = Product;
			sourceTree = "<group>";
		};
		8FDE4490289FC9A10087564E /* Fonts */ = {
			isa = PBXGroup;
			children = (
				8FDE44A7289FC9C50087564E /* Montserrat-Black.otf */,
				8FDE4495289FC9C40087564E /* Montserrat-BlackItalic.otf */,
				8FDE4497289FC9C40087564E /* Montserrat-Bold.otf */,
				8FDE4498289FC9C40087564E /* Montserrat-BoldItalic.otf */,
				8FDE4499289FC9C40087564E /* Montserrat-ExtraBold.otf */,
				8FDE4492289FC9C40087564E /* Montserrat-ExtraBoldItalic.otf */,
				8FDE44B0289FC9C60087564E /* Montserrat-ExtraLight.otf */,
				8FDE44A5289FC9C50087564E /* Montserrat-ExtraLightItalic.otf */,
				8FDE4496289FC9C40087564E /* Montserrat-Italic.otf */,
				8FDE44AF289FC9C60087564E /* Montserrat-Light.otf */,
				8FDE44A4289FC9C50087564E /* Montserrat-LightItalic.otf */,
				8FDE44B1289FC9C60087564E /* Montserrat-Medium.otf */,
				8FDE44B3289FC9C60087564E /* Montserrat-MediumItalic.otf */,
				8FDE44B2289FC9C60087564E /* Montserrat-Regular.otf */,
				8FDE44A8289FC9C50087564E /* Montserrat-SemiBold.otf */,
				8FDE44A0289FC9C50087564E /* Montserrat-SemiBoldItalic.otf */,
				8FDE44B4289FC9C60087564E /* Montserrat-Thin.otf */,
				8FDE449B289FC9C40087564E /* Montserrat-ThinItalic.otf */,
				8FDE44A9289FC9C50087564E /* MontserratAlternates-Black.otf */,
				8FDE449A289FC9C40087564E /* MontserratAlternates-BlackItalic.otf */,
				8FDE4493289FC9C40087564E /* MontserratAlternates-Bold.otf */,
				8FDE44A1289FC9C50087564E /* MontserratAlternates-BoldItalic.otf */,
				8FDE4494289FC9C40087564E /* MontserratAlternates-ExtraBold.otf */,
				8FDE44AD289FC9C60087564E /* MontserratAlternates-ExtraBoldItalic.otf */,
				8FDE44A6289FC9C50087564E /* MontserratAlternates-ExtraLight.otf */,
				8FDE449C289FC9C40087564E /* MontserratAlternates-ExtraLightItalic.otf */,
				8FDE44A2289FC9C50087564E /* MontserratAlternates-Italic.otf */,
				8FDE44A3289FC9C50087564E /* MontserratAlternates-Light.otf */,
				8FDE44AB289FC9C50087564E /* MontserratAlternates-LightItalic.otf */,
				8FDE449F289FC9C50087564E /* MontserratAlternates-Medium.otf */,
				8FDE44AE289FC9C60087564E /* MontserratAlternates-MediumItalic.otf */,
				8FDE44AA289FC9C50087564E /* MontserratAlternates-Regular.otf */,
				8FDE44AC289FC9C60087564E /* MontserratAlternates-SemiBold.otf */,
				8FDE449E289FC9C40087564E /* MontserratAlternates-SemiBoldItalic.otf */,
				8FDE449D289FC9C40087564E /* MontserratAlternates-Thin.otf */,
				8FDE4491289FC9C40087564E /* MontserratAlternates-ThinItalic.otf */,
			);
			path = Fonts;
			sourceTree = "<group>";
		};
/* End PBXGroup section */

/* Begin PBXNativeTarget section */
		8FB2A5BB289DC17B000625BC /* Prodavnica */ = {
			isa = PBXNativeTarget;
			buildConfigurationList = 8FB2A5D0289DC186000625BC /* Build configuration list for PBXNativeTarget "Prodavnica" */;
			buildPhases = (
				8FB2A5B8289DC17B000625BC /* Sources */,
				8FB2A5B9289DC17B000625BC /* Frameworks */,
				8FB2A5BA289DC17B000625BC /* Resources */,
			);
			buildRules = (
			);
			dependencies = (
			);
			name = Prodavnica;
			productName = prodza;
			productReference = 8FB2A5BC289DC17B000625BC /* Prodavnica.app */;
			productType = "com.apple.product-type.application";
		};
/* End PBXNativeTarget section */

/* Begin PBXProject section */
		8FB2A5B4289DC17B000625BC /* Project object */ = {
			isa = PBXProject;
			attributes = {
				BuildIndependentTargetsInParallel = 1;
				LastSwiftUpdateCheck = 1340;
				LastUpgradeCheck = 1340;
				TargetAttributes = {
					8FB2A5BB289DC17B000625BC = {
						CreatedOnToolsVersion = 13.4.1;
					};
				};
			};
			buildConfigurationList = 8FB2A5B7289DC17B000625BC /* Build configuration list for PBXProject "Prodavnica" */;
			compatibilityVersion = "Xcode 13.0";
			developmentRegion = en;
			hasScannedForEncodings = 0;
			knownRegions = (
				en,
				Base,
			);
			mainGroup = 8FB2A5B3289DC17B000625BC;
			productRefGroup = 8FB2A5BD289DC17B000625BC /* Products */;
			projectDirPath = "";
			projectRoot = "";
			targets = (
				8FB2A5BB289DC17B000625BC /* Prodavnica */,
			);
		};
/* End PBXProject section */

/* Begin PBXResourcesBuildPhase section */
		8FB2A5BA289DC17B000625BC /* Resources */ = {
			isa = PBXResourcesBuildPhase;
			buildActionMask = 2147483647;
			files = (
				8FDE44BA289FC9C60087564E /* Montserrat-Italic.otf in Resources */,
				8FDE44CC289FC9C60087564E /* Montserrat-SemiBold.otf in Resources */,
				8FDE44D0289FC9C60087564E /* MontserratAlternates-SemiBold.otf in Resources */,
				8FDE44C0289FC9C60087564E /* MontserratAlternates-ExtraLightItalic.otf in Resources */,
				8FDE44B5289FC9C60087564E /* MontserratAlternates-ThinItalic.otf in Resources */,
				8FDE44D3289FC9C60087564E /* Montserrat-Light.otf in Resources */,
				8FDE44B8289FC9C60087564E /* MontserratAlternates-ExtraBold.otf in Resources */,
				8FDE44D2289FC9C60087564E /* MontserratAlternates-MediumItalic.otf in Resources */,
				8FDE44CD289FC9C60087564E /* MontserratAlternates-Black.otf in Resources */,
				8FDE44BC289FC9C60087564E /* Montserrat-BoldItalic.otf in Resources */,
				8FDE44C7289FC9C60087564E /* MontserratAlternates-Light.otf in Resources */,
				8FDE44C3289FC9C60087564E /* MontserratAlternates-Medium.otf in Resources */,
				8FB2A5CC289DC186000625BC /* LaunchScreen.storyboard in Resources */,
				8FDE44D5289FC9C60087564E /* Montserrat-Medium.otf in Resources */,
				8FDE44BE289FC9C60087564E /* MontserratAlternates-BlackItalic.otf in Resources */,
				8FDE44B6289FC9C60087564E /* Montserrat-ExtraBoldItalic.otf in Resources */,
				8FDE44C5289FC9C60087564E /* MontserratAlternates-BoldItalic.otf in Resources */,
				8FDE44D4289FC9C60087564E /* Montserrat-ExtraLight.otf in Resources */,
				8FDE44B7289FC9C60087564E /* MontserratAlternates-Bold.otf in Resources */,
				8FDE44D6289FC9C60087564E /* Montserrat-Regular.otf in Resources */,
				8FDE44B9289FC9C60087564E /* Montserrat-BlackItalic.otf in Resources */,
				8FDE44CA289FC9C60087564E /* MontserratAlternates-ExtraLight.otf in Resources */,
				8FB2A5C9289DC186000625BC /* Assets.xcassets in Resources */,
				8FDE44BD289FC9C60087564E /* Montserrat-ExtraBold.otf in Resources */,
				8FDE44CE289FC9C60087564E /* MontserratAlternates-Regular.otf in Resources */,
				8FDE44D8289FC9C60087564E /* Montserrat-Thin.otf in Resources */,
				8FDE44D7289FC9C60087564E /* Montserrat-MediumItalic.otf in Resources */,
				8FDE44C4289FC9C60087564E /* Montserrat-SemiBoldItalic.otf in Resources */,
				8FDE44C6289FC9C60087564E /* MontserratAlternates-Italic.otf in Resources */,
				8FDE44D1289FC9C60087564E /* MontserratAlternates-ExtraBoldItalic.otf in Resources */,
				8FB2A5DA289DC4F6000625BC /* ProductCardViewCell.xib in Resources */,
				8FB2A5C7289DC17B000625BC /* Main.storyboard in Resources */,
				8FDE44C8289FC9C60087564E /* Montserrat-LightItalic.otf in Resources */,
				8FDE44BB289FC9C60087564E /* Montserrat-Bold.otf in Resources */,
				8FDE44CB289FC9C60087564E /* Montserrat-Black.otf in Resources */,
				8FDE44CF289FC9C60087564E /* MontserratAlternates-LightItalic.otf in Resources */,
				8FDE44C1289FC9C60087564E /* MontserratAlternates-Thin.otf in Resources */,
				8FDE44C9289FC9C60087564E /* Montserrat-ExtraLightItalic.otf in Resources */,
				8FDE44C2289FC9C60087564E /* MontserratAlternates-SemiBoldItalic.otf in Resources */,
				8FDE44BF289FC9C60087564E /* Montserrat-ThinItalic.otf in Resources */,
			);
			runOnlyForDeploymentPostprocessing = 0;
		};
/* End PBXResourcesBuildPhase section */

/* Begin PBXSourcesBuildPhase section */
		8FB2A5B8289DC17B000625BC /* Sources */ = {
			isa = PBXSourcesBuildPhase;
			buildActionMask = 2147483647;
			files = (
				8FB2A5C4289DC17B000625BC /* ProductListViewController.swift in Sources */,
				8FB2A5C0289DC17B000625BC /* AppDelegate.swift in Sources */,
				8F9F4DD3289F0FF600ACFF1C /* ProductDetailViewController.swift in Sources */,
				8F9F4DCF289E978700ACFF1C /* ProductImageView.swift in Sources */,
				8F9F4DCD289E6EDA00ACFF1C /* ProductNetworkManager.swift in Sources */,
				8FB2A5DD289DD546000625BC /* ProductData.swift in Sources */,
				8FB2A5D9289DC4F6000625BC /* ProductCardViewCell.swift in Sources */,
				8FB2A5C2289DC17B000625BC /* SceneDelegate.swift in Sources */,
				8F9F4DD1289F0A4A00ACFF1C /* Constants.swift in Sources */,
			);
			runOnlyForDeploymentPostprocessing = 0;
		};
/* End PBXSourcesBuildPhase section */

/* Begin PBXVariantGroup section */
		8FB2A5C5289DC17B000625BC /* Main.storyboard */ = {
			isa = PBXVariantGroup;
			children = (
				8FB2A5C6289DC17B000625BC /* Base */,
			);
			name = Main.storyboard;
			sourceTree = "<group>";
		};
		8FB2A5CA289DC186000625BC /* LaunchScreen.storyboard */ = {
			isa = PBXVariantGroup;
			children = (
				8FB2A5CB289DC186000625BC /* Base */,
			);
			name = LaunchScreen.storyboard;
			sourceTree = "<group>";
		};
/* End PBXVariantGroup section */

/* Begin XCBuildConfiguration section */
		8FB2A5CE289DC186000625BC /* Debug */ = {
			isa = XCBuildConfiguration;
			buildSettings = {
				ALWAYS_SEARCH_USER_PATHS = NO;
				CLANG_ANALYZER_NONNULL = YES;
				CLANG_ANALYZER_NUMBER_OBJECT_CONVERSION = YES_AGGRESSIVE;
				CLANG_CXX_LANGUAGE_STANDARD = "gnu++17";
				CLANG_ENABLE_MODULES = YES;
				CLANG_ENABLE_OBJC_ARC = YES;
				CLANG_ENABLE_OBJC_WEAK = YES;
				CLANG_WARN_BLOCK_CAPTURE_AUTORELEASING = YES;
				CLANG_WARN_BOOL_CONVERSION = YES;
				CLANG_WARN_COMMA = YES;
				CLANG_WARN_CONSTANT_CONVERSION = YES;
				CLANG_WARN_DEPRECATED_OBJC_IMPLEMENTATIONS = YES;
				CLANG_WARN_DIRECT_OBJC_ISA_USAGE = YES_ERROR;
				CLANG_WARN_DOCUMENTATION_COMMENTS = YES;
				CLANG_WARN_EMPTY_BODY = YES;
				CLANG_WARN_ENUM_CONVERSION = YES;
				CLANG_WARN_INFINITE_RECURSION = YES;
				CLANG_WARN_INT_CONVERSION = YES;
				CLANG_WARN_NON_LITERAL_NULL_CONVERSION = YES;
				CLANG_WARN_OBJC_IMPLICIT_RETAIN_SELF = YES;
				CLANG_WARN_OBJC_LITERAL_CONVERSION = YES;
				CLANG_WARN_OBJC_ROOT_CLASS = YES_ERROR;
				CLANG_WARN_QUOTED_INCLUDE_IN_FRAMEWORK_HEADER = YES;
				CLANG_WARN_RANGE_LOOP_ANALYSIS = YES;
				CLANG_WARN_STRICT_PROTOTYPES = YES;
				CLANG_WARN_SUSPICIOUS_MOVE = YES;
				CLANG_WARN_UNGUARDED_AVAILABILITY = YES_AGGRESSIVE;
				CLANG_WARN_UNREACHABLE_CODE = YES;
				CLANG_WARN__DUPLICATE_METHOD_MATCH = YES;
				COPY_PHASE_STRIP = NO;
				DEBUG_INFORMATION_FORMAT = dwarf;
				ENABLE_STRICT_OBJC_MSGSEND = YES;
				ENABLE_TESTABILITY = YES;
				GCC_C_LANGUAGE_STANDARD = gnu11;
				GCC_DYNAMIC_NO_PIC = NO;
				GCC_NO_COMMON_BLOCKS = YES;
				GCC_OPTIMIZATION_LEVEL = 0;
				GCC_PREPROCESSOR_DEFINITIONS = (
					"DEBUG=1",
					"$(inherited)",
				);
				GCC_WARN_64_TO_32_BIT_CONVERSION = YES;
				GCC_WARN_ABOUT_RETURN_TYPE = YES_ERROR;
				GCC_WARN_UNDECLARED_SELECTOR = YES;
				GCC_WARN_UNINITIALIZED_AUTOS = YES_AGGRESSIVE;
				GCC_WARN_UNUSED_FUNCTION = YES;
				GCC_WARN_UNUSED_VARIABLE = YES;
				IPHONEOS_DEPLOYMENT_TARGET = 15.5;
				MTL_ENABLE_DEBUG_INFO = INCLUDE_SOURCE;
				MTL_FAST_MATH = YES;
				ONLY_ACTIVE_ARCH = YES;
				SDKROOT = iphoneos;
				SWIFT_ACTIVE_COMPILATION_CONDITIONS = DEBUG;
				SWIFT_OPTIMIZATION_LEVEL = "-Onone";
			};
			name = Debug;
		};
		8FB2A5CF289DC186000625BC /* Release */ = {
			isa = XCBuildConfiguration;
			buildSettings = {
				ALWAYS_SEARCH_USER_PATHS = NO;
				CLANG_ANALYZER_NONNULL = YES;
				CLANG_ANALYZER_NUMBER_OBJECT_CONVERSION = YES_AGGRESSIVE;
				CLANG_CXX_LANGUAGE_STANDARD = "gnu++17";
				CLANG_ENABLE_MODULES = YES;
				CLANG_ENABLE_OBJC_ARC = YES;
				CLANG_ENABLE_OBJC_WEAK = YES;
				CLANG_WARN_BLOCK_CAPTURE_AUTORELEASING = YES;
				CLANG_WARN_BOOL_CONVERSION = YES;
				CLANG_WARN_COMMA = YES;
				CLANG_WARN_CONSTANT_CONVERSION = YES;
				CLANG_WARN_DEPRECATED_OBJC_IMPLEMENTATIONS = YES;
				CLANG_WARN_DIRECT_OBJC_ISA_USAGE = YES_ERROR;
				CLANG_WARN_DOCUMENTATION_COMMENTS = YES;
				CLANG_WARN_EMPTY_BODY = YES;
				CLANG_WARN_ENUM_CONVERSION = YES;
				CLANG_WARN_INFINITE_RECURSION = YES;
				CLANG_WARN_INT_CONVERSION = YES;
				CLANG_WARN_NON_LITERAL_NULL_CONVERSION = YES;
				CLANG_WARN_OBJC_IMPLICIT_RETAIN_SELF = YES;
				CLANG_WARN_OBJC_LITERAL_CONVERSION = YES;
				CLANG_WARN_OBJC_ROOT_CLASS = YES_ERROR;
				CLANG_WARN_QUOTED_INCLUDE_IN_FRAMEWORK_HEADER = YES;
				CLANG_WARN_RANGE_LOOP_ANALYSIS = YES;
				CLANG_WARN_STRICT_PROTOTYPES = YES;
				CLANG_WARN_SUSPICIOUS_MOVE = YES;
				CLANG_WARN_UNGUARDED_AVAILABILITY = YES_AGGRESSIVE;
				CLANG_WARN_UNREACHABLE_CODE = YES;
				CLANG_WARN__DUPLICATE_METHOD_MATCH = YES;
				COPY_PHASE_STRIP = NO;
				DEBUG_INFORMATION_FORMAT = "dwarf-with-dsym";
				ENABLE_NS_ASSERTIONS = NO;
				ENABLE_STRICT_OBJC_MSGSEND = YES;
				GCC_C_LANGUAGE_STANDARD = gnu11;
				GCC_NO_COMMON_BLOCKS = YES;
				GCC_WARN_64_TO_32_BIT_CONVERSION = YES;
				GCC_WARN_ABOUT_RETURN_TYPE = YES_ERROR;
				GCC_WARN_UNDECLARED_SELECTOR = YES;
				GCC_WARN_UNINITIALIZED_AUTOS = YES_AGGRESSIVE;
				GCC_WARN_UNUSED_FUNCTION = YES;
				GCC_WARN_UNUSED_VARIABLE = YES;
				IPHONEOS_DEPLOYMENT_TARGET = 15.5;
				MTL_ENABLE_DEBUG_INFO = NO;
				MTL_FAST_MATH = YES;
				SDKROOT = iphoneos;
				SWIFT_COMPILATION_MODE = wholemodule;
				SWIFT_OPTIMIZATION_LEVEL = "-O";
				VALIDATE_PRODUCT = YES;
			};
			name = Release;
		};
		8FB2A5D1289DC186000625BC /* Debug */ = {
			isa = XCBuildConfiguration;
			buildSettings = {
				ASSETCATALOG_COMPILER_APPICON_NAME = AppIcon;
				ASSETCATALOG_COMPILER_GLOBAL_ACCENT_COLOR_NAME = AccentColor;
				CODE_SIGN_STYLE = Automatic;
				CURRENT_PROJECT_VERSION = 1;
				DEVELOPMENT_TEAM = KRK6S63FNN;
				GENERATE_INFOPLIST_FILE = YES;
				INFOPLIST_FILE = Prodavnica/Info.plist;
				INFOPLIST_KEY_CFBundleDisplayName = Prodavnica;
				INFOPLIST_KEY_UIApplicationSupportsIndirectInputEvents = YES;
				INFOPLIST_KEY_UILaunchStoryboardName = LaunchScreen;
				INFOPLIST_KEY_UIMainStoryboardFile = Main;
				INFOPLIST_KEY_UISupportedInterfaceOrientations_iPad = "UIInterfaceOrientationPortrait UIInterfaceOrientationPortraitUpsideDown UIInterfaceOrientationLandscapeLeft UIInterfaceOrientationLandscapeRight";
				INFOPLIST_KEY_UISupportedInterfaceOrientations_iPhone = "UIInterfaceOrientationPortrait UIInterfaceOrientationLandscapeLeft UIInterfaceOrientationLandscapeRight";
				LD_RUNPATH_SEARCH_PATHS = (
					"$(inherited)",
					"@executable_path/Frameworks",
				);
				MARKETING_VERSION = 1.0;
				PRODUCT_BUNDLE_IDENTIFIER = com.lkorica.prodavnica;
				PRODUCT_NAME = "$(TARGET_NAME)";
				SWIFT_EMIT_LOC_STRINGS = YES;
				SWIFT_VERSION = 5.0;
				TARGETED_DEVICE_FAMILY = "1,2";
			};
			name = Debug;
		};
		8FB2A5D2289DC186000625BC /* Release */ = {
			isa = XCBuildConfiguration;
			buildSettings = {
				ASSETCATALOG_COMPILER_APPICON_NAME = AppIcon;
				ASSETCATALOG_COMPILER_GLOBAL_ACCENT_COLOR_NAME = AccentColor;
				CODE_SIGN_STYLE = Automatic;
				CURRENT_PROJECT_VERSION = 1;
				DEVELOPMENT_TEAM = KRK6S63FNN;
				GENERATE_INFOPLIST_FILE = YES;
				INFOPLIST_FILE = Prodavnica/Info.plist;
				INFOPLIST_KEY_CFBundleDisplayName = Prodavnica;
				INFOPLIST_KEY_UIApplicationSupportsIndirectInputEvents = YES;
				INFOPLIST_KEY_UILaunchStoryboardName = LaunchScreen;
				INFOPLIST_KEY_UIMainStoryboardFile = Main;
				INFOPLIST_KEY_UISupportedInterfaceOrientations_iPad = "UIInterfaceOrientationPortrait UIInterfaceOrientationPortraitUpsideDown UIInterfaceOrientationLandscapeLeft UIInterfaceOrientationLandscapeRight";
				INFOPLIST_KEY_UISupportedInterfaceOrientations_iPhone = "UIInterfaceOrientationPortrait UIInterfaceOrientationLandscapeLeft UIInterfaceOrientationLandscapeRight";
				LD_RUNPATH_SEARCH_PATHS = (
					"$(inherited)",
					"@executable_path/Frameworks",
				);
				MARKETING_VERSION = 1.0;
				PRODUCT_BUNDLE_IDENTIFIER = com.lkorica.prodavnica;
				PRODUCT_NAME = "$(TARGET_NAME)";
				SWIFT_EMIT_LOC_STRINGS = YES;
				SWIFT_VERSION = 5.0;
				TARGETED_DEVICE_FAMILY = "1,2";
			};
			name = Release;
		};
/* End XCBuildConfiguration section */

/* Begin XCConfigurationList section */
		8FB2A5B7289DC17B000625BC /* Build configuration list for PBXProject "Prodavnica" */ = {
			isa = XCConfigurationList;
			buildConfigurations = (
				8FB2A5CE289DC186000625BC /* Debug */,
				8FB2A5CF289DC186000625BC /* Release */,
			);
			defaultConfigurationIsVisible = 0;
			defaultConfigurationName = Release;
		};
		8FB2A5D0289DC186000625BC /* Build configuration list for PBXNativeTarget "Prodavnica" */ = {
			isa = XCConfigurationList;
			buildConfigurations = (
				8FB2A5D1289DC186000625BC /* Debug */,
				8FB2A5D2289DC186000625BC /* Release */,
			);
			defaultConfigurationIsVisible = 0;
			defaultConfigurationName = Release;
		};
/* End XCConfigurationList section */
	};
	rootObject = 8FB2A5B4289DC17B000625BC /* Project object */;
}
